
Microsoft Visual Studio Solution File, Format Version 12.00
# Visual Studio Version 16
VisualStudioVersion = 16.0.31702.278
MinimumVisualStudioVersion = 10.0.40219.1
Project("{FAE04EC0-301F-11D3-BF4B-00C04F79EFBC}") = "UC6SnakeLadder", "UC6SnakeLadder.csproj", "{DB6458D2-392A-4016-87DE-BDA288995B75}"
EndProject
Global
	GlobalSection(SolutionConfigurationPlatforms) = preSolution
		Debug|Any CPU = Debug|Any CPU
		Release|Any CPU = Release|Any CPU
	EndGlobalSection
	GlobalSection(ProjectConfigurationPlatforms) = postSolution
		{DB6458D2-392A-4016-87DE-BDA288995B75}.Debug|Any CPU.ActiveCfg = Debug|Any CPU
		{DB6458D2-392A-4016-87DE-BDA288995B75}.Debug|Any CPU.Build.0 = Debug|Any CPU
		{DB6458D2-392A-4016-87DE-BDA288995B75}.Release|Any CPU.ActiveCfg = Release|Any CPU
		{DB6458D2-392A-4016-87DE-BDA288995B75}.Release|Any CPU.Build.0 = Release|Any CPU
	EndGlobalSection
	GlobalSection(SolutionProperties) = preSolution
		HideSolutionNode = FALSE
	EndGlobalSection
	GlobalSection(ExtensibilityGlobals) = postSolution
		SolutionGuid = {442DE1AA-1C27-407A-835D-17B88BB7B09F}
	EndGlobalSection
EndGlobal
