
Microsoft Visual Studio Solution File, Format Version 12.00
# Visual Studio Version 16
VisualStudioVersion = 16.0.31702.278
MinimumVisualStudioVersion = 10.0.40219.1
Project("{FAE04EC0-301F-11D3-BF4B-00C04F79EFBC}") = "UC3SnakeLadderOptions", "UC3SnakeLadderOptions.csproj", "{A67A4067-071D-45EF-ABBE-360FE2E7498E}"
EndProject
Global
	GlobalSection(SolutionConfigurationPlatforms) = preSolution
		Debug|Any CPU = Debug|Any CPU
		Release|Any CPU = Release|Any CPU
	EndGlobalSection
	GlobalSection(ProjectConfigurationPlatforms) = postSolution
		{A67A4067-071D-45EF-ABBE-360FE2E7498E}.Debug|Any CPU.ActiveCfg = Debug|Any CPU
		{A67A4067-071D-45EF-ABBE-360FE2E7498E}.Debug|Any CPU.Build.0 = Debug|Any CPU
		{A67A4067-071D-45EF-ABBE-360FE2E7498E}.Release|Any CPU.ActiveCfg = Release|Any CPU
		{A67A4067-071D-45EF-ABBE-360FE2E7498E}.Release|Any CPU.Build.0 = Release|Any CPU
	EndGlobalSection
	GlobalSection(SolutionProperties) = preSolution
		HideSolutionNode = FALSE
	EndGlobalSection
	GlobalSection(ExtensibilityGlobals) = postSolution
		SolutionGuid = {5C98934B-02AF-4EC0-9145-33A96FD02958}
	EndGlobalSection
EndGlobal
